// !$*UTF8*$!
{
	archiveVersion = 1;
	classes = {
	};
	objectVersion = 46;
	objects = {

/* Begin PBXBuildFile section */
		D2B6A3E519D55F31003AD38C /* AppDelegate.swift in Sources */ = {isa = PBXBuildFile; fileRef = D2B6A3E419D55F31003AD38C /* AppDelegate.swift */; };
		D2B6A3E719D55F31003AD38C /* ViewController.swift in Sources */ = {isa = PBXBuildFile; fileRef = D2B6A3E619D55F31003AD38C /* ViewController.swift */; };
		D2B6A3EA19D55F31003AD38C /* Main.storyboard in Resources */ = {isa = PBXBuildFile; fileRef = D2B6A3E819D55F31003AD38C /* Main.storyboard */; };
		D2B6A3EC19D55F31003AD38C /* Images.xcassets in Resources */ = {isa = PBXBuildFile; fileRef = D2B6A3EB19D55F31003AD38C /* Images.xcassets */; };
		D2B6A3EF19D55F31003AD38C /* LaunchScreen.xib in Resources */ = {isa = PBXBuildFile; fileRef = D2B6A3ED19D55F31003AD38C /* LaunchScreen.xib */; };
		D2B6A3FB19D55F32003AD38C /* swift_labbTests.swift in Sources */ = {isa = PBXBuildFile; fileRef = D2B6A3FA19D55F32003AD38C /* swift_labbTests.swift */; };
/* End PBXBuildFile section */

/* Begin PBXContainerItemProxy section */
		D2B6A3F519D55F32003AD38C /* PBXContainerItemProxy */ = {
			isa = PBXContainerItemProxy;
			containerPortal = D2B6A3D719D55F31003AD38C /* Project object */;
			proxyType = 1;
			remoteGlobalIDString = D2B6A3DE19D55F31003AD38C;
			remoteInfo = "swift-labb";
		};
/* End PBXContainerItemProxy section */

/* Begin PBXFileReference section */
		D2B6A3DF19D55F31003AD38C /* swift-labb.app */ = {isa = PBXFileReference; explicitFileType = wrapper.application; includeInIndex = 0; path = "swift-labb.app"; sourceTree = BUILT_PRODUCTS_DIR; };
		D2B6A3E319D55F31003AD38C /* Info.plist */ = {isa = PBXFileReference; lastKnownFileType = text.plist.xml; path = Info.plist; sourceTree = "<group>"; };
		D2B6A3E419D55F31003AD38C /* AppDelegate.swift */ = {isa = PBXFileReference; lastKnownFileType = sourcecode.swift; path = AppDelegate.swift; sourceTree = "<group>"; };
		D2B6A3E619D55F31003AD38C /* ViewController.swift */ = {isa = PBXFileReference; lastKnownFileType = sourcecode.swift; path = ViewController.swift; sourceTree = "<group>"; };
		D2B6A3E919D55F31003AD38C /* Base */ = {isa = PBXFileReference; lastKnownFileType = file.storyboard; name = Base; path = Base.lproj/Main.storyboard; sourceTree = "<group>"; };
		D2B6A3EB19D55F31003AD38C /* Images.xcassets */ = {isa = PBXFileReference; lastKnownFileType = folder.assetcatalog; path = Images.xcassets; sourceTree = "<group>"; };
		D2B6A3EE19D55F31003AD38C /* Base */ = {isa = PBXFileReference; lastKnownFileType = file.xib; name = Base; path = Base.lproj/LaunchScreen.xib; sourceTree = "<group>"; };
		D2B6A3F419D55F32003AD38C /* swift-labbTests.xctest */ = {isa = PBXFileReference; explicitFileType = wrapper.cfbundle; includeInIndex = 0; path = "swift-labbTests.xctest"; sourceTree = BUILT_PRODUCTS_DIR; };
		D2B6A3F919D55F32003AD38C /* Info.plist */ = {isa = PBXFileReference; lastKnownFileType = text.plist.xml; path = Info.plist; sourceTree = "<group>"; };
		D2B6A3FA19D55F32003AD38C /* swift_labbTests.swift */ = {isa = PBXFileReference; lastKnownFileType = sourcecode.swift; path = swift_labbTests.swift; sourceTree = "<group>"; };
/* End PBXFileReference section */

/* Begin PBXFrameworksBuildPhase section */
		D2B6A3DC19D55F31003AD38C /* Frameworks */ = {
			isa = PBXFrameworksBuildPhase;
			buildActionMask = 2147483647;
			files = (
			);
			runOnlyForDeploymentPostprocessing = 0;
		};
		D2B6A3F119D55F32003AD38C /* Frameworks */ = {
			isa = PBXFrameworksBuildPhase;
			buildActionMask = 2147483647;
			files = (
			);
			runOnlyForDeploymentPostprocessing = 0;
		};
/* End PBXFrameworksBuildPhase section */

/* Begin PBXGroup section */
		D2B6A3D619D55F31003AD38C = {
			isa = PBXGroup;
			children = (
				D2B6A3E119D55F31003AD38C /* swift-labb */,
				D2B6A3F719D55F32003AD38C /* swift-labbTests */,
				D2B6A3E019D55F31003AD38C /* Products */,
			);
			sourceTree = "<group>";
		};
		D2B6A3E019D55F31003AD38C /* Products */ = {
			isa = PBXGroup;
			children = (
				D2B6A3DF19D55F31003AD38C /* swift-labb.app */,
				D2B6A3F419D55F32003AD38C /* swift-labbTests.xctest */,
			);
			name = Products;
			sourceTree = "<group>";
		};
		D2B6A3E119D55F31003AD38C /* swift-labb */ = {
			isa = PBXGroup;
			children = (
				D2B6A3E419D55F31003AD38C /* AppDelegate.swift */,
				D2B6A3E619D55F31003AD38C /* ViewController.swift */,
				D2B6A3E819D55F31003AD38C /* Main.storyboard */,
				D2B6A3EB19D55F31003AD38C /* Images.xcassets */,
				D2B6A3ED19D55F31003AD38C /* LaunchScreen.xib */,
				D2B6A3E219D55F31003AD38C /* Supporting Files */,
			);
			path = "swift-labb";
			sourceTree = "<group>";
		};
		D2B6A3E219D55F31003AD38C /* Supporting Files */ = {
			isa = PBXGroup;
			children = (
				D2B6A3E319D55F31003AD38C /* Info.plist */,
			);
			name = "Supporting Files";
			sourceTree = "<group>";
		};
		D2B6A3F719D55F32003AD38C /* swift-labbTests */ = {
			isa = PBXGroup;
			children = (
				D2B6A3FA19D55F32003AD38C /* swift_labbTests.swift */,
				D2B6A3F819D55F32003AD38C /* Supporting Files */,
			);
			path = "swift-labbTests";
			sourceTree = "<group>";
		};
		D2B6A3F819D55F32003AD38C /* Supporting Files */ = {
			isa = PBXGroup;
			children = (
				D2B6A3F919D55F32003AD38C /* Info.plist */,
			);
			name = "Supporting Files";
			sourceTree = "<group>";
		};
/* End PBXGroup section */

/* Begin PBXNativeTarget section */
		D2B6A3DE19D55F31003AD38C /* swift-labb */ = {
			isa = PBXNativeTarget;
			buildConfigurationList = D2B6A3FE19D55F32003AD38C /* Build configuration list for PBXNativeTarget "swift-labb" */;
			buildPhases = (
				D2B6A3DB19D55F31003AD38C /* Sources */,
				D2B6A3DC19D55F31003AD38C /* Frameworks */,
				D2B6A3DD19D55F31003AD38C /* Resources */,
			);
			buildRules = (
			);
			dependencies = (
			);
			name = "swift-labb";
			productName = "swift-labb";
			productReference = D2B6A3DF19D55F31003AD38C /* swift-labb.app */;
			productType = "com.apple.product-type.application";
		};
		D2B6A3F319D55F32003AD38C /* swift-labbTests */ = {
			isa = PBXNativeTarget;
			buildConfigurationList = D2B6A40119D55F32003AD38C /* Build configuration list for PBXNativeTarget "swift-labbTests" */;
			buildPhases = (
				D2B6A3F019D55F32003AD38C /* Sources */,
				D2B6A3F119D55F32003AD38C /* Frameworks */,
				D2B6A3F219D55F32003AD38C /* Resources */,
			);
			buildRules = (
			);
			dependencies = (
				D2B6A3F619D55F32003AD38C /* PBXTargetDependency */,
			);
			name = "swift-labbTests";
			productName = "swift-labbTests";
			productReference = D2B6A3F419D55F32003AD38C /* swift-labbTests.xctest */;
			productType = "com.apple.product-type.bundle.unit-test";
		};
/* End PBXNativeTarget section */

/* Begin PBXProject section */
		D2B6A3D719D55F31003AD38C /* Project object */ = {
			isa = PBXProject;
			attributes = {
				LastUpgradeCheck = 0610;
				ORGANIZATIONNAME = "Petar Mataic";
				TargetAttributes = {
					D2B6A3DE19D55F31003AD38C = {
						CreatedOnToolsVersion = 6.1;
					};
					D2B6A3F319D55F32003AD38C = {
						CreatedOnToolsVersion = 6.1;
						TestTargetID = D2B6A3DE19D55F31003AD38C;
					};
				};
			};
			buildConfigurationList = D2B6A3DA19D55F31003AD38C /* Build configuration list for PBXProject "swift-labb" */;
			compatibilityVersion = "Xcode 3.2";
			developmentRegion = English;
			hasScannedForEncodings = 0;
			knownRegions = (
				en,
				Base,
			);
			mainGroup = D2B6A3D619D55F31003AD38C;
			productRefGroup = D2B6A3E019D55F31003AD38C /* Products */;
			projectDirPath = "";
			projectRoot = "";
			targets = (
				D2B6A3DE19D55F31003AD38C /* swift-labb */,
				D2B6A3F319D55F32003AD38C /* swift-labbTests */,
			);
		};
/* End PBXProject section */

/* Begin PBXResourcesBuildPhase section */
		D2B6A3DD19D55F31003AD38C /* Resources */ = {
			isa = PBXResourcesBuildPhase;
			buildActionMask = 2147483647;
			files = (
				D2B6A3EA19D55F31003AD38C /* Main.storyboard in Resources */,
				D2B6A3EF19D55F31003AD38C /* LaunchScreen.xib in Resources */,
				D2B6A3EC19D55F31003AD38C /* Images.xcassets in Resources */,
			);
			runOnlyForDeploymentPostprocessing = 0;
		};
		D2B6A3F219D55F32003AD38C /* Resources */ = {
			isa = PBXResourcesBuildPhase;
			buildActionMask = 2147483647;
			files = (
			);
			runOnlyForDeploymentPostprocessing = 0;
		};
/* End PBXResourcesBuildPhase section */

/* Begin PBXSourcesBuildPhase section */
		D2B6A3DB19D55F31003AD38C /* Sources */ = {
			isa = PBXSourcesBuildPhase;
			buildActionMask = 2147483647;
			files = (
				D2B6A3E719D55F31003AD38C /* ViewController.swift in Sources */,
				D2B6A3E519D55F31003AD38C /* AppDelegate.swift in Sources */,
			);
			runOnlyForDeploymentPostprocessing = 0;
		};
		D2B6A3F019D55F32003AD38C /* Sources */ = {
			isa = PBXSourcesBuildPhase;
			buildActionMask = 2147483647;
			files = (
				D2B6A3FB19D55F32003AD38C /* swift_labbTests.swift in Sources */,
			);
			runOnlyForDeploymentPostprocessing = 0;
		};
/* End PBXSourcesBuildPhase section */

/* Begin PBXTargetDependency section */
		D2B6A3F619D55F32003AD38C /* PBXTargetDependency */ = {
			isa = PBXTargetDependency;
			target = D2B6A3DE19D55F31003AD38C /* swift-labb */;
			targetProxy = D2B6A3F519D55F32003AD38C /* PBXContainerItemProxy */;
		};
/* End PBXTargetDependency section */

/* Begin PBXVariantGroup section */
		D2B6A3E819D55F31003AD38C /* Main.storyboard */ = {
			isa = PBXVariantGroup;
			children = (
				D2B6A3E919D55F31003AD38C /* Base */,
			);
			name = Main.storyboard;
			sourceTree = "<group>";
		};
		D2B6A3ED19D55F31003AD38C /* LaunchScreen.xib */ = {
			isa = PBXVariantGroup;
			children = (
				D2B6A3EE19D55F31003AD38C /* Base */,
			);
			name = LaunchScreen.xib;
			sourceTree = "<group>";
		};
/* End PBXVariantGroup section */

/* Begin XCBuildConfiguration section */
		D2B6A3FC19D55F32003AD38C /* Debug */ = {
			isa = XCBuildConfiguration;
			buildSettings = {
				ALWAYS_SEARCH_USER_PATHS = NO;
				CLANG_CXX_LANGUAGE_STANDARD = "gnu++0x";
				CLANG_CXX_LIBRARY = "libc++";
				CLANG_ENABLE_MODULES = YES;
				CLANG_ENABLE_OBJC_ARC = YES;
				CLANG_WARN_BOOL_CONVERSION = YES;
				CLANG_WARN_CONSTANT_CONVERSION = YES;
				CLANG_WARN_DIRECT_OBJC_ISA_USAGE = YES_ERROR;
				CLANG_WARN_EMPTY_BODY = YES;
				CLANG_WARN_ENUM_CONVERSION = YES;
				CLANG_WARN_INT_CONVERSION = YES;
				CLANG_WARN_OBJC_ROOT_CLASS = YES_ERROR;
				CLANG_WARN_UNREACHABLE_CODE = YES;
				CLANG_WARN__DUPLICATE_METHOD_MATCH = YES;
				"CODE_SIGN_IDENTITY[sdk=iphoneos*]" = "iPhone Developer";
				COPY_PHASE_STRIP = NO;
				ENABLE_STRICT_OBJC_MSGSEND = YES;
				GCC_C_LANGUAGE_STANDARD = gnu99;
				GCC_DYNAMIC_NO_PIC = NO;
				GCC_OPTIMIZATION_LEVEL = 0;
				GCC_PREPROCESSOR_DEFINITIONS = (
					"DEBUG=1",
					"$(inherited)",
				);
				GCC_SYMBOLS_PRIVATE_EXTERN = NO;
				GCC_WARN_64_TO_32_BIT_CONVERSION = YES;
				GCC_WARN_ABOUT_RETURN_TYPE = YES_ERROR;
				GCC_WARN_UNDECLARED_SELECTOR = YES;
				GCC_WARN_UNINITIALIZED_AUTOS = YES_AGGRESSIVE;
				GCC_WARN_UNUSED_FUNCTION = YES;
				GCC_WARN_UNUSED_VARIABLE = YES;
				IPHONEOS_DEPLOYMENT_TARGET = 8.0;
				MTL_ENABLE_DEBUG_INFO = YES;
				ONLY_ACTIVE_ARCH = YES;
				SDKROOT = iphoneos;
				SWIFT_OPTIMIZATION_LEVEL = "-Onone";
			};
			name = Debug;
		};
		D2B6A3FD19D55F32003AD38C /* Release */ = {
			isa = XCBuildConfiguration;
			buildSettings = {
				ALWAYS_SEARCH_USER_PATHS = NO;
				CLANG_CXX_LANGUAGE_STANDARD = "gnu++0x";
				CLANG_CXX_LIBRARY = "libc++";
				CLANG_ENABLE_MODULES = YES;
				CLANG_ENABLE_OBJC_ARC = YES;
				CLANG_WARN_BOOL_CONVERSION = YES;
				CLANG_WARN_CONSTANT_CONVERSION = YES;
				CLANG_WARN_DIRECT_OBJC_ISA_USAGE = YES_ERROR;
				CLANG_WARN_EMPTY_BODY = YES;
				CLANG_WARN_ENUM_CONVERSION = YES;
				CLANG_WARN_INT_CONVERSION = YES;
				CLANG_WARN_OBJC_ROOT_CLASS = YES_ERROR;
				CLANG_WARN_UNREACHABLE_CODE = YES;
				CLANG_WARN__DUPLICATE_METHOD_MATCH = YES;
				"CODE_SIGN_IDENTITY[sdk=iphoneos*]" = "iPhone Developer";
				COPY_PHASE_STRIP = YES;
				ENABLE_NS_ASSERTIONS = NO;
				ENABLE_STRICT_OBJC_MSGSEND = YES;
				GCC_C_LANGUAGE_STANDARD = gnu99;
				GCC_WARN_64_TO_32_BIT_CONVERSION = YES;
				GCC_WARN_ABOUT_RETURN_TYPE = YES_ERROR;
				GCC_WARN_UNDECLARED_SELECTOR = YES;
				GCC_WARN_UNINITIALIZED_AUTOS = YES_AGGRESSIVE;
				GCC_WARN_UNUSED_FUNCTION = YES;
				GCC_WARN_UNUSED_VARIABLE = YES;
				IPHONEOS_DEPLOYMENT_TARGET = 8.0;
				MTL_ENABLE_DEBUG_INFO = NO;
				SDKROOT = iphoneos;
				VALIDATE_PRODUCT = YES;
			};
			name = Release;
		};
		D2B6A3FF19D55F32003AD38C /* Debug */ = {
			isa = XCBuildConfiguration;
			buildSettings = {
				ASSETCATALOG_COMPILER_APPICON_NAME = AppIcon;
				INFOPLIST_FILE = "swift-labb/Info.plist";
				LD_RUNPATH_SEARCH_PATHS = "$(inherited) @executable_path/Frameworks";
				PRODUCT_NAME = "$(TARGET_NAME)";
			};
			name = Debug;
		};
		D2B6A40019D55F32003AD38C /* Release */ = {
			isa = XCBuildConfiguration;
			buildSettings = {
				ASSETCATALOG_COMPILER_APPICON_NAME = AppIcon;
				INFOPLIST_FILE = "swift-labb/Info.plist";
				LD_RUNPATH_SEARCH_PATHS = "$(inherited) @executable_path/Frameworks";
				PRODUCT_NAME = "$(TARGET_NAME)";
			};
			name = Release;
		};
		D2B6A40219D55F32003AD38C /* Debug */ = {
			isa = XCBuildConfiguration;
			buildSettings = {
				BUNDLE_LOADER = "$(TEST_HOST)";
				FRAMEWORK_SEARCH_PATHS = (
					"$(SDKROOT)/Developer/Library/Frameworks",
					"$(inherited)",
				);
				GCC_PREPROCESSOR_DEFINITIONS = (
					"DEBUG=1",
					"$(inherited)",
				);
				INFOPLIST_FILE = "swift-labbTests/Info.plist";
				LD_RUNPATH_SEARCH_PATHS = "$(inherited) @executable_path/Frameworks @loader_path/Frameworks";
				PRODUCT_NAME = "$(TARGET_NAME)";
				TEST_HOST = "$(BUILT_PRODUCTS_DIR)/swift-labb.app/swift-labb";
			};
			name = Debug;
		};
		D2B6A40319D55F32003AD38C /* Release */ = {
			isa = XCBuildConfiguration;
			buildSettings = {
				BUNDLE_LOADER = "$(TEST_HOST)";
				FRAMEWORK_SEARCH_PATHS = (
					"$(SDKROOT)/Developer/Library/Frameworks",
					"$(inherited)",
				);
				INFOPLIST_FILE = "swift-labbTests/Info.plist";
				LD_RUNPATH_SEARCH_PATHS = "$(inherited) @executable_path/Frameworks @loader_path/Frameworks";
				PRODUCT_NAME = "$(TARGET_NAME)";
				TEST_HOST = "$(BUILT_PRODUCTS_DIR)/swift-labb.app/swift-labb";
			};
			name = Release;
		};
/* End XCBuildConfiguration section */

/* Begin XCConfigurationList section */
		D2B6A3DA19D55F31003AD38C /* Build configuration list for PBXProject "swift-labb" */ = {
			isa = XCConfigurationList;
			buildConfigurations = (
				D2B6A3FC19D55F32003AD38C /* Debug */,
				D2B6A3FD19D55F32003AD38C /* Release */,
			);
			defaultConfigurationIsVisible = 0;
			defaultConfigurationName = Release;
		};
		D2B6A3FE19D55F32003AD38C /* Build configuration list for PBXNativeTarget "swift-labb" */ = {
			isa = XCConfigurationList;
			buildConfigurations = (
				D2B6A3FF19D55F32003AD38C /* Debug */,
				D2B6A40019D55F32003AD38C /* Release */,
			);
			defaultConfigurationIsVisible = 0;
		};
		D2B6A40119D55F32003AD38C /* Build configuration list for PBXNativeTarget "swift-labbTests" */ = {
			isa = XCConfigurationList;
			buildConfigurations = (
				D2B6A40219D55F32003AD38C /* Debug */,
				D2B6A40319D55F32003AD38C /* Release */,
			);
			defaultConfigurationIsVisible = 0;
		};
/* End XCConfigurationList section */
	};
	rootObject = D2B6A3D719D55F31003AD38C /* Project object */;
}
